// !$*UTF8*$!
{
	archiveVersion = 1;
	classes = {
	};
	objectVersion = 50;
	objects = {

/* Begin PBXBuildFile section */
		049796802330846A0049B11C /* HealthKit.framework in Frameworks */ = {isa = PBXBuildFile; fileRef = 0497967F233084690049B11C /* HealthKit.framework */; };
		049796822330B3E60049B11C /* HealthKitUI.framework in Frameworks */ = {isa = PBXBuildFile; fileRef = 049796812330B3E60049B11C /* HealthKitUI.framework */; };
		049796852330C0880049B11C /* HomeKit.framework in Frameworks */ = {isa = PBXBuildFile; fileRef = 049796842330C0880049B11C /* HomeKit.framework */; };
		049796872330C8850049B11C /* MapKit.framework in Frameworks */ = {isa = PBXBuildFile; fileRef = 049796862330C8850049B11C /* MapKit.framework */; };
		04B5C549235010C800284691 /* TKPermissionPhoto.m in Sources */ = {isa = PBXBuildFile; fileRef = 04B5C548235010C800284691 /* TKPermissionPhoto.m */; };
		04B5C54D2350142B00284691 /* TKPermissionPublic.m in Sources */ = {isa = PBXBuildFile; fileRef = 04B5C54C2350142B00284691 /* TKPermissionPublic.m */; };
		04B5C55023501FD500284691 /* TKPermissionCamera.m in Sources */ = {isa = PBXBuildFile; fileRef = 04B5C54F23501FD500284691 /* TKPermissionCamera.m */; };
		04B5C553235021D800284691 /* TKPermissionMedia.m in Sources */ = {isa = PBXBuildFile; fileRef = 04B5C552235021D800284691 /* TKPermissionMedia.m */; };
		04B5C5562350283700284691 /* TKPermissionMicrophone.m in Sources */ = {isa = PBXBuildFile; fileRef = 04B5C5552350283700284691 /* TKPermissionMicrophone.m */; };
		04B5C55A2350296500284691 /* TKPermissionLocationAlways.m in Sources */ = {isa = PBXBuildFile; fileRef = 04B5C5592350296500284691 /* TKPermissionLocationAlways.m */; };
		04B5C55D23504FA700284691 /* TKPermissionLocationWhen.m in Sources */ = {isa = PBXBuildFile; fileRef = 04B5C55C23504FA700284691 /* TKPermissionLocationWhen.m */; };
		04B5C5612350548900284691 /* TKPermissionBluetooth.m in Sources */ = {isa = PBXBuildFile; fileRef = 04B5C5602350548900284691 /* TKPermissionBluetooth.m */; };
		04B5C5642350694300284691 /* TKPermissionSpeech.m in Sources */ = {isa = PBXBuildFile; fileRef = 04B5C5632350694300284691 /* TKPermissionSpeech.m */; };
		04B5C56923506E8F00284691 /* TKPermissionCalendar.m in Sources */ = {isa = PBXBuildFile; fileRef = 04B5C56823506E8F00284691 /* TKPermissionCalendar.m */; };
		04B5C56D2350718E00284691 /* TKPermissionReminder.m in Sources */ = {isa = PBXBuildFile; fileRef = 04B5C56C2350718E00284691 /* TKPermissionReminder.m */; };
		04B5C5702350734C00284691 /* TKPermissionContact.m in Sources */ = {isa = PBXBuildFile; fileRef = 04B5C56F2350734C00284691 /* TKPermissionContact.m */; };
		04B5C573235077B900284691 /* TKPermissionNetWork.m in Sources */ = {isa = PBXBuildFile; fileRef = 04B5C572235077B900284691 /* TKPermissionNetWork.m */; };
		04B5C57723507EBF00284691 /* TKPermissionHealth.m in Sources */ = {isa = PBXBuildFile; fileRef = 04B5C57623507EBF00284691 /* TKPermissionHealth.m */; };
		04CDB357230A4D9B00E86E38 /* AppDelegate.m in Sources */ = {isa = PBXBuildFile; fileRef = 04CDB356230A4D9B00E86E38 /* AppDelegate.m */; };
		04CDB35A230A4D9B00E86E38 /* ViewController.m in Sources */ = {isa = PBXBuildFile; fileRef = 04CDB359230A4D9B00E86E38 /* ViewController.m */; };
		04CDB35D230A4D9B00E86E38 /* Main.storyboard in Resources */ = {isa = PBXBuildFile; fileRef = 04CDB35B230A4D9B00E86E38 /* Main.storyboard */; };
		04CDB35F230A4D9C00E86E38 /* Assets.xcassets in Resources */ = {isa = PBXBuildFile; fileRef = 04CDB35E230A4D9C00E86E38 /* Assets.xcassets */; };
		04CDB362230A4D9C00E86E38 /* LaunchScreen.storyboard in Resources */ = {isa = PBXBuildFile; fileRef = 04CDB360230A4D9C00E86E38 /* LaunchScreen.storyboard */; };
		04CDB365230A4D9C00E86E38 /* main.m in Sources */ = {isa = PBXBuildFile; fileRef = 04CDB364230A4D9C00E86E38 /* main.m */; };
		04CDB36E230A4DF300E86E38 /* TKPermission.m in Sources */ = {isa = PBXBuildFile; fileRef = 04CDB36D230A4DF300E86E38 /* TKPermission.m */; };
		04CDB374230A526600E86E38 /* ListViewController.m in Sources */ = {isa = PBXBuildFile; fileRef = 04CDB373230A526600E86E38 /* ListViewController.m */; };
/* End PBXBuildFile section */

/* Begin PBXFileReference section */
		0497967F233084690049B11C /* HealthKit.framework */ = {isa = PBXFileReference; lastKnownFileType = wrapper.framework; name = HealthKit.framework; path = System/Library/Frameworks/HealthKit.framework; sourceTree = SDKROOT; };
		049796812330B3E60049B11C /* HealthKitUI.framework */ = {isa = PBXFileReference; lastKnownFileType = wrapper.framework; name = HealthKitUI.framework; path = System/Library/Frameworks/HealthKitUI.framework; sourceTree = SDKROOT; };
		049796832330B6340049B11C /* TKPermissionKitDemo.entitlements */ = {isa = PBXFileReference; lastKnownFileType = text.plist.entitlements; path = TKPermissionKitDemo.entitlements; sourceTree = "<group>"; };
		049796842330C0880049B11C /* HomeKit.framework */ = {isa = PBXFileReference; lastKnownFileType = wrapper.framework; name = HomeKit.framework; path = System/Library/Frameworks/HomeKit.framework; sourceTree = SDKROOT; };
		049796862330C8850049B11C /* MapKit.framework */ = {isa = PBXFileReference; lastKnownFileType = wrapper.framework; name = MapKit.framework; path = System/Library/Frameworks/MapKit.framework; sourceTree = SDKROOT; };
		04B5C547235010C800284691 /* TKPermissionPhoto.h */ = {isa = PBXFileReference; lastKnownFileType = sourcecode.c.h; path = TKPermissionPhoto.h; sourceTree = "<group>"; };
		04B5C548235010C800284691 /* TKPermissionPhoto.m */ = {isa = PBXFileReference; lastKnownFileType = sourcecode.c.objc; path = TKPermissionPhoto.m; sourceTree = "<group>"; };
		04B5C54B2350142B00284691 /* TKPermissionPublic.h */ = {isa = PBXFileReference; lastKnownFileType = sourcecode.c.h; path = TKPermissionPublic.h; sourceTree = "<group>"; };
		04B5C54C2350142B00284691 /* TKPermissionPublic.m */ = {isa = PBXFileReference; lastKnownFileType = sourcecode.c.objc; path = TKPermissionPublic.m; sourceTree = "<group>"; };
		04B5C54E23501FD500284691 /* TKPermissionCamera.h */ = {isa = PBXFileReference; lastKnownFileType = sourcecode.c.h; path = TKPermissionCamera.h; sourceTree = "<group>"; };
		04B5C54F23501FD500284691 /* TKPermissionCamera.m */ = {isa = PBXFileReference; lastKnownFileType = sourcecode.c.objc; path = TKPermissionCamera.m; sourceTree = "<group>"; };
		04B5C551235021D800284691 /* TKPermissionMedia.h */ = {isa = PBXFileReference; lastKnownFileType = sourcecode.c.h; path = TKPermissionMedia.h; sourceTree = "<group>"; };
		04B5C552235021D800284691 /* TKPermissionMedia.m */ = {isa = PBXFileReference; lastKnownFileType = sourcecode.c.objc; path = TKPermissionMedia.m; sourceTree = "<group>"; };
		04B5C5542350283700284691 /* TKPermissionMicrophone.h */ = {isa = PBXFileReference; lastKnownFileType = sourcecode.c.h; path = TKPermissionMicrophone.h; sourceTree = "<group>"; };
		04B5C5552350283700284691 /* TKPermissionMicrophone.m */ = {isa = PBXFileReference; lastKnownFileType = sourcecode.c.objc; path = TKPermissionMicrophone.m; sourceTree = "<group>"; };
		04B5C5582350296500284691 /* TKPermissionLocationAlways.h */ = {isa = PBXFileReference; lastKnownFileType = sourcecode.c.h; path = TKPermissionLocationAlways.h; sourceTree = "<group>"; };
		04B5C5592350296500284691 /* TKPermissionLocationAlways.m */ = {isa = PBXFileReference; lastKnownFileType = sourcecode.c.objc; path = TKPermissionLocationAlways.m; sourceTree = "<group>"; };
		04B5C55B23504FA700284691 /* TKPermissionLocationWhen.h */ = {isa = PBXFileReference; lastKnownFileType = sourcecode.c.h; path = TKPermissionLocationWhen.h; sourceTree = "<group>"; };
		04B5C55C23504FA700284691 /* TKPermissionLocationWhen.m */ = {isa = PBXFileReference; lastKnownFileType = sourcecode.c.objc; path = TKPermissionLocationWhen.m; sourceTree = "<group>"; };
		04B5C55F2350548900284691 /* TKPermissionBluetooth.h */ = {isa = PBXFileReference; lastKnownFileType = sourcecode.c.h; path = TKPermissionBluetooth.h; sourceTree = "<group>"; };
		04B5C5602350548900284691 /* TKPermissionBluetooth.m */ = {isa = PBXFileReference; lastKnownFileType = sourcecode.c.objc; path = TKPermissionBluetooth.m; sourceTree = "<group>"; };
		04B5C5622350694300284691 /* TKPermissionSpeech.h */ = {isa = PBXFileReference; lastKnownFileType = sourcecode.c.h; path = TKPermissionSpeech.h; sourceTree = "<group>"; };
		04B5C5632350694300284691 /* TKPermissionSpeech.m */ = {isa = PBXFileReference; lastKnownFileType = sourcecode.c.objc; path = TKPermissionSpeech.m; sourceTree = "<group>"; };
		04B5C56723506E8F00284691 /* TKPermissionCalendar.h */ = {isa = PBXFileReference; lastKnownFileType = sourcecode.c.h; path = TKPermissionCalendar.h; sourceTree = "<group>"; };
		04B5C56823506E8F00284691 /* TKPermissionCalendar.m */ = {isa = PBXFileReference; lastKnownFileType = sourcecode.c.objc; path = TKPermissionCalendar.m; sourceTree = "<group>"; };
		04B5C56B2350718E00284691 /* TKPermissionReminder.h */ = {isa = PBXFileReference; lastKnownFileType = sourcecode.c.h; path = TKPermissionReminder.h; sourceTree = "<group>"; };
		04B5C56C2350718E00284691 /* TKPermissionReminder.m */ = {isa = PBXFileReference; lastKnownFileType = sourcecode.c.objc; path = TKPermissionReminder.m; sourceTree = "<group>"; };
		04B5C56E2350734C00284691 /* TKPermissionContact.h */ = {isa = PBXFileReference; lastKnownFileType = sourcecode.c.h; path = TKPermissionContact.h; sourceTree = "<group>"; };
		04B5C56F2350734C00284691 /* TKPermissionContact.m */ = {isa = PBXFileReference; lastKnownFileType = sourcecode.c.objc; path = TKPermissionContact.m; sourceTree = "<group>"; };
		04B5C571235077B900284691 /* TKPermissionNetWork.h */ = {isa = PBXFileReference; lastKnownFileType = sourcecode.c.h; path = TKPermissionNetWork.h; sourceTree = "<group>"; };
		04B5C572235077B900284691 /* TKPermissionNetWork.m */ = {isa = PBXFileReference; lastKnownFileType = sourcecode.c.objc; path = TKPermissionNetWork.m; sourceTree = "<group>"; };
		04B5C57523507EBF00284691 /* TKPermissionHealth.h */ = {isa = PBXFileReference; lastKnownFileType = sourcecode.c.h; path = TKPermissionHealth.h; sourceTree = "<group>"; };
		04B5C57623507EBF00284691 /* TKPermissionHealth.m */ = {isa = PBXFileReference; lastKnownFileType = sourcecode.c.objc; path = TKPermissionHealth.m; sourceTree = "<group>"; };
		04CDB352230A4D9B00E86E38 /* TKPermissionKitDemo.app */ = {isa = PBXFileReference; explicitFileType = wrapper.application; includeInIndex = 0; path = TKPermissionKitDemo.app; sourceTree = BUILT_PRODUCTS_DIR; };
		04CDB355230A4D9B00E86E38 /* AppDelegate.h */ = {isa = PBXFileReference; lastKnownFileType = sourcecode.c.h; path = AppDelegate.h; sourceTree = "<group>"; };
		04CDB356230A4D9B00E86E38 /* AppDelegate.m */ = {isa = PBXFileReference; lastKnownFileType = sourcecode.c.objc; path = AppDelegate.m; sourceTree = "<group>"; };
		04CDB358230A4D9B00E86E38 /* ViewController.h */ = {isa = PBXFileReference; lastKnownFileType = sourcecode.c.h; path = ViewController.h; sourceTree = "<group>"; };
		04CDB359230A4D9B00E86E38 /* ViewController.m */ = {isa = PBXFileReference; lastKnownFileType = sourcecode.c.objc; path = ViewController.m; sourceTree = "<group>"; };
		04CDB35C230A4D9B00E86E38 /* Base */ = {isa = PBXFileReference; lastKnownFileType = file.storyboard; name = Base; path = Base.lproj/Main.storyboard; sourceTree = "<group>"; };
		04CDB35E230A4D9C00E86E38 /* Assets.xcassets */ = {isa = PBXFileReference; lastKnownFileType = folder.assetcatalog; path = Assets.xcassets; sourceTree = "<group>"; };
		04CDB361230A4D9C00E86E38 /* Base */ = {isa = PBXFileReference; lastKnownFileType = file.storyboard; name = Base; path = Base.lproj/LaunchScreen.storyboard; sourceTree = "<group>"; };
		04CDB363230A4D9C00E86E38 /* Info.plist */ = {isa = PBXFileReference; lastKnownFileType = text.plist.xml; path = Info.plist; sourceTree = "<group>"; };
		04CDB364230A4D9C00E86E38 /* main.m */ = {isa = PBXFileReference; lastKnownFileType = sourcecode.c.objc; path = main.m; sourceTree = "<group>"; };
		04CDB36C230A4DF300E86E38 /* TKPermission.h */ = {isa = PBXFileReference; fileEncoding = 4; lastKnownFileType = sourcecode.c.h; path = TKPermission.h; sourceTree = "<group>"; };
		04CDB36D230A4DF300E86E38 /* TKPermission.m */ = {isa = PBXFileReference; fileEncoding = 4; lastKnownFileType = sourcecode.c.objc; path = TKPermission.m; sourceTree = "<group>"; };
		04CDB372230A526600E86E38 /* ListViewController.h */ = {isa = PBXFileReference; lastKnownFileType = sourcecode.c.h; path = ListViewController.h; sourceTree = "<group>"; };
		04CDB373230A526600E86E38 /* ListViewController.m */ = {isa = PBXFileReference; lastKnownFileType = sourcecode.c.objc; path = ListViewController.m; sourceTree = "<group>"; };
/* End PBXFileReference section */

/* Begin PBXFrameworksBuildPhase section */
		04CDB34F230A4D9B00E86E38 /* Frameworks */ = {
			isa = PBXFrameworksBuildPhase;
			buildActionMask = 2147483647;
			files = (
				049796852330C0880049B11C /* HomeKit.framework in Frameworks */,
				049796822330B3E60049B11C /* HealthKitUI.framework in Frameworks */,
				049796872330C8850049B11C /* MapKit.framework in Frameworks */,
				049796802330846A0049B11C /* HealthKit.framework in Frameworks */,
			);
			runOnlyForDeploymentPostprocessing = 0;
		};
/* End PBXFrameworksBuildPhase section */

/* Begin PBXGroup section */
		0497967E233084690049B11C /* Frameworks */ = {
			isa = PBXGroup;
			children = (
				049796862330C8850049B11C /* MapKit.framework */,
				049796842330C0880049B11C /* HomeKit.framework */,
				049796812330B3E60049B11C /* HealthKitUI.framework */,
				0497967F233084690049B11C /* HealthKit.framework */,
			);
			name = Frameworks;
			sourceTree = "<group>";
		};
		04B5C53E23500FD900284691 /* Photo */ = {
			isa = PBXGroup;
			children = (
				04B5C547235010C800284691 /* TKPermissionPhoto.h */,
				04B5C548235010C800284691 /* TKPermissionPhoto.m */,
			);
			path = Photo;
			sourceTree = "<group>";
		};
		04B5C53F23500FE800284691 /* Camera */ = {
			isa = PBXGroup;
			children = (
				04B5C54E23501FD500284691 /* TKPermissionCamera.h */,
				04B5C54F23501FD500284691 /* TKPermissionCamera.m */,
			);
			path = Camera;
			sourceTree = "<group>";
		};
		04B5C54023500FFD00284691 /* Media */ = {
			isa = PBXGroup;
			children = (
				04B5C551235021D800284691 /* TKPermissionMedia.h */,
				04B5C552235021D800284691 /* TKPermissionMedia.m */,
			);
			path = Media;
			sourceTree = "<group>";
		};
		04B5C5412350100F00284691 /* Microphone */ = {
			isa = PBXGroup;
			children = (
				04B5C5542350283700284691 /* TKPermissionMicrophone.h */,
				04B5C5552350283700284691 /* TKPermissionMicrophone.m */,
			);
			path = Microphone;
			sourceTree = "<group>";
		};
		04B5C5422350102600284691 /* LocationWhen */ = {
			isa = PBXGroup;
			children = (
				04B5C55B23504FA700284691 /* TKPermissionLocationWhen.h */,
				04B5C55C23504FA700284691 /* TKPermissionLocationWhen.m */,
			);
			path = LocationWhen;
			sourceTree = "<group>";
		};
		04B5C5432350104600284691 /* Speech */ = {
			isa = PBXGroup;
			children = (
				04B5C5622350694300284691 /* TKPermissionSpeech.h */,
				04B5C5632350694300284691 /* TKPermissionSpeech.m */,
			);
			path = Speech;
			sourceTree = "<group>";
		};
		04B5C5442350105400284691 /* Calendar */ = {
			isa = PBXGroup;
			children = (
				04B5C56723506E8F00284691 /* TKPermissionCalendar.h */,
				04B5C56823506E8F00284691 /* TKPermissionCalendar.m */,
			);
			path = Calendar;
			sourceTree = "<group>";
		};
		04B5C5452350105D00284691 /* Contact */ = {
			isa = PBXGroup;
			children = (
				04B5C56E2350734C00284691 /* TKPermissionContact.h */,
				04B5C56F2350734C00284691 /* TKPermissionContact.m */,
			);
			path = Contact;
			sourceTree = "<group>";
		};
		04B5C5462350106600284691 /* NetWork */ = {
			isa = PBXGroup;
			children = (
				04B5C571235077B900284691 /* TKPermissionNetWork.h */,
				04B5C572235077B900284691 /* TKPermissionNetWork.m */,
			);
			path = NetWork;
			sourceTree = "<group>";
		};
		04B5C54A2350140500284691 /* Public */ = {
			isa = PBXGroup;
			children = (
				04B5C54B2350142B00284691 /* TKPermissionPublic.h */,
				04B5C54C2350142B00284691 /* TKPermissionPublic.m */,
			);
			path = Public;
			sourceTree = "<group>";
		};
		04B5C5572350292500284691 /* LocationAlways */ = {
			isa = PBXGroup;
			children = (
				04B5C5582350296500284691 /* TKPermissionLocationAlways.h */,
				04B5C5592350296500284691 /* TKPermissionLocationAlways.m */,
			);
			path = LocationAlways;
			sourceTree = "<group>";
		};
		04B5C55E2350546600284691 /* Bluetooth */ = {
			isa = PBXGroup;
			children = (
				04B5C55F2350548900284691 /* TKPermissionBluetooth.h */,
				04B5C5602350548900284691 /* TKPermissionBluetooth.m */,
			);
			path = Bluetooth;
			sourceTree = "<group>";
		};
		04B5C56A2350716500284691 /* Reminder */ = {
			isa = PBXGroup;
			children = (
				04B5C56B2350718E00284691 /* TKPermissionReminder.h */,
				04B5C56C2350718E00284691 /* TKPermissionReminder.m */,
			);
			path = Reminder;
			sourceTree = "<group>";
		};
		04B5C57423507EA000284691 /* Health */ = {
			isa = PBXGroup;
			children = (
				04B5C57523507EBF00284691 /* TKPermissionHealth.h */,
				04B5C57623507EBF00284691 /* TKPermissionHealth.m */,
			);
			path = Health;
			sourceTree = "<group>";
		};
		04CDB349230A4D9B00E86E38 = {
			isa = PBXGroup;
			children = (
				04CDB354230A4D9B00E86E38 /* TKPermissionKitDemo */,
				04CDB353230A4D9B00E86E38 /* Products */,
				0497967E233084690049B11C /* Frameworks */,
			);
			sourceTree = "<group>";
		};
		04CDB353230A4D9B00E86E38 /* Products */ = {
			isa = PBXGroup;
			children = (
				04CDB352230A4D9B00E86E38 /* TKPermissionKitDemo.app */,
			);
			name = Products;
			sourceTree = "<group>";
		};
		04CDB354230A4D9B00E86E38 /* TKPermissionKitDemo */ = {
			isa = PBXGroup;
			children = (
				049796832330B6340049B11C /* TKPermissionKitDemo.entitlements */,
				04CDB36B230A4DF300E86E38 /* TKPermissionKit */,
				04CDB355230A4D9B00E86E38 /* AppDelegate.h */,
				04CDB356230A4D9B00E86E38 /* AppDelegate.m */,
				04CDB358230A4D9B00E86E38 /* ViewController.h */,
				04CDB359230A4D9B00E86E38 /* ViewController.m */,
				04CDB372230A526600E86E38 /* ListViewController.h */,
				04CDB373230A526600E86E38 /* ListViewController.m */,
				04CDB35B230A4D9B00E86E38 /* Main.storyboard */,
				04CDB35E230A4D9C00E86E38 /* Assets.xcassets */,
				04CDB360230A4D9C00E86E38 /* LaunchScreen.storyboard */,
				04CDB363230A4D9C00E86E38 /* Info.plist */,
				04CDB364230A4D9C00E86E38 /* main.m */,
			);
			path = TKPermissionKitDemo;
			sourceTree = "<group>";
		};
		04CDB36B230A4DF300E86E38 /* TKPermissionKit */ = {
			isa = PBXGroup;
			children = (
				04B5C57423507EA000284691 /* Health */,
				04B5C55E2350546600284691 /* Bluetooth */,
				04B5C5442350105400284691 /* Calendar */,
				04B5C53F23500FE800284691 /* Camera */,
				04B5C5452350105D00284691 /* Contact */,
				04B5C5572350292500284691 /* LocationAlways */,
				04B5C5422350102600284691 /* LocationWhen */,
				04B5C54023500FFD00284691 /* Media */,
				04B5C5412350100F00284691 /* Microphone */,
				04B5C5462350106600284691 /* NetWork */,
				04B5C53E23500FD900284691 /* Photo */,
				04B5C54A2350140500284691 /* Public */,
				04B5C56A2350716500284691 /* Reminder */,
				04B5C5432350104600284691 /* Speech */,
				04CDB36C230A4DF300E86E38 /* TKPermission.h */,
				04CDB36D230A4DF300E86E38 /* TKPermission.m */,
			);
			path = TKPermissionKit;
			sourceTree = SOURCE_ROOT;
		};
/* End PBXGroup section */

/* Begin PBXNativeTarget section */
		04CDB351230A4D9B00E86E38 /* TKPermissionKitDemo */ = {
			isa = PBXNativeTarget;
			buildConfigurationList = 04CDB368230A4D9C00E86E38 /* Build configuration list for PBXNativeTarget "TKPermissionKitDemo" */;
			buildPhases = (
				04CDB34E230A4D9B00E86E38 /* Sources */,
				04CDB34F230A4D9B00E86E38 /* Frameworks */,
				04CDB350230A4D9B00E86E38 /* Resources */,
			);
			buildRules = (
			);
			dependencies = (
			);
			name = TKPermissionKitDemo;
			productName = TKPermissionKitDemo;
			productReference = 04CDB352230A4D9B00E86E38 /* TKPermissionKitDemo.app */;
			productType = "com.apple.product-type.application";
		};
/* End PBXNativeTarget section */

/* Begin PBXProject section */
		04CDB34A230A4D9B00E86E38 /* Project object */ = {
			isa = PBXProject;
			attributes = {
				LastUpgradeCheck = 1020;
				ORGANIZATIONNAME = mac;
				TargetAttributes = {
					04CDB351230A4D9B00E86E38 = {
						CreatedOnToolsVersion = 10.2.1;
						SystemCapabilities = {
							com.apple.BackgroundModes = {
								enabled = 1;
							};
							com.apple.HealthKit = {
								enabled = 1;
							};
							com.apple.HomeKit = {
								enabled = 1;
							};
							com.apple.InterAppAudio = {
								enabled = 0;
							};
							com.apple.Maps.iOS = {
								enabled = 1;
							};
						};
					};
				};
			};
			buildConfigurationList = 04CDB34D230A4D9B00E86E38 /* Build configuration list for PBXProject "TKPermissionKitDemo" */;
			compatibilityVersion = "Xcode 9.3";
			developmentRegion = en;
			hasScannedForEncodings = 0;
			knownRegions = (
				en,
				Base,
			);
			mainGroup = 04CDB349230A4D9B00E86E38;
			productRefGroup = 04CDB353230A4D9B00E86E38 /* Products */;
			projectDirPath = "";
			projectRoot = "";
			targets = (
				04CDB351230A4D9B00E86E38 /* TKPermissionKitDemo */,
			);
		};
/* End PBXProject section */

/* Begin PBXResourcesBuildPhase section */
		04CDB350230A4D9B00E86E38 /* Resources */ = {
			isa = PBXResourcesBuildPhase;
			buildActionMask = 2147483647;
			files = (
				04CDB362230A4D9C00E86E38 /* LaunchScreen.storyboard in Resources */,
				04CDB35F230A4D9C00E86E38 /* Assets.xcassets in Resources */,
				04CDB35D230A4D9B00E86E38 /* Main.storyboard in Resources */,
			);
			runOnlyForDeploymentPostprocessing = 0;
		};
/* End PBXResourcesBuildPhase section */

/* Begin PBXSourcesBuildPhase section */
		04CDB34E230A4D9B00E86E38 /* Sources */ = {
			isa = PBXSourcesBuildPhase;
			buildActionMask = 2147483647;
			files = (
				04B5C553235021D800284691 /* TKPermissionMedia.m in Sources */,
				04B5C56923506E8F00284691 /* TKPermissionCalendar.m in Sources */,
				04B5C55023501FD500284691 /* TKPermissionCamera.m in Sources */,
				04B5C57723507EBF00284691 /* TKPermissionHealth.m in Sources */,
				04B5C5702350734C00284691 /* TKPermissionContact.m in Sources */,
				04B5C54D2350142B00284691 /* TKPermissionPublic.m in Sources */,
				04B5C549235010C800284691 /* TKPermissionPhoto.m in Sources */,
				04CDB36E230A4DF300E86E38 /* TKPermission.m in Sources */,
				04B5C55A2350296500284691 /* TKPermissionLocationAlways.m in Sources */,
				04B5C5562350283700284691 /* TKPermissionMicrophone.m in Sources */,
				04CDB35A230A4D9B00E86E38 /* ViewController.m in Sources */,
				04B5C55D23504FA700284691 /* TKPermissionLocationWhen.m in Sources */,
				04CDB374230A526600E86E38 /* ListViewController.m in Sources */,
				04B5C5612350548900284691 /* TKPermissionBluetooth.m in Sources */,
				04B5C5642350694300284691 /* TKPermissionSpeech.m in Sources */,
				04B5C573235077B900284691 /* TKPermissionNetWork.m in Sources */,
				04CDB365230A4D9C00E86E38 /* main.m in Sources */,
				04CDB357230A4D9B00E86E38 /* AppDelegate.m in Sources */,
				04B5C56D2350718E00284691 /* TKPermissionReminder.m in Sources */,
			);
			runOnlyForDeploymentPostprocessing = 0;
		};
/* End PBXSourcesBuildPhase section */

/* Begin PBXVariantGroup section */
		04CDB35B230A4D9B00E86E38 /* Main.storyboard */ = {
			isa = PBXVariantGroup;
			children = (
				04CDB35C230A4D9B00E86E38 /* Base */,
			);
			name = Main.storyboard;
			sourceTree = "<group>";
		};
		04CDB360230A4D9C00E86E38 /* LaunchScreen.storyboard */ = {
			isa = PBXVariantGroup;
			children = (
				04CDB361230A4D9C00E86E38 /* Base */,
			);
			name = LaunchScreen.storyboard;
			sourceTree = "<group>";
		};
/* End PBXVariantGroup section */

/* Begin XCBuildConfiguration section */
		04CDB366230A4D9C00E86E38 /* Debug */ = {
			isa = XCBuildConfiguration;
			buildSettings = {
				ALWAYS_SEARCH_USER_PATHS = NO;
				CLANG_ANALYZER_NONNULL = YES;
				CLANG_ANALYZER_NUMBER_OBJECT_CONVERSION = YES_AGGRESSIVE;
				CLANG_CXX_LANGUAGE_STANDARD = "gnu++14";
				CLANG_CXX_LIBRARY = "libc++";
				CLANG_ENABLE_MODULES = YES;
				CLANG_ENABLE_OBJC_ARC = YES;
				CLANG_ENABLE_OBJC_WEAK = YES;
				CLANG_WARN_BLOCK_CAPTURE_AUTORELEASING = YES;
				CLANG_WARN_BOOL_CONVERSION = YES;
				CLANG_WARN_COMMA = YES;
				CLANG_WARN_CONSTANT_CONVERSION = YES;
				CLANG_WARN_DEPRECATED_OBJC_IMPLEMENTATIONS = YES;
				CLANG_WARN_DIRECT_OBJC_ISA_USAGE = YES_ERROR;
				CLANG_WARN_DOCUMENTATION_COMMENTS = YES;
				CLANG_WARN_EMPTY_BODY = YES;
				CLANG_WARN_ENUM_CONVERSION = YES;
				CLANG_WARN_INFINITE_RECURSION = YES;
				CLANG_WARN_INT_CONVERSION = YES;
				CLANG_WARN_NON_LITERAL_NULL_CONVERSION = YES;
				CLANG_WARN_OBJC_IMPLICIT_RETAIN_SELF = YES;
				CLANG_WARN_OBJC_LITERAL_CONVERSION = YES;
				CLANG_WARN_OBJC_ROOT_CLASS = YES_ERROR;
				CLANG_WARN_RANGE_LOOP_ANALYSIS = YES;
				CLANG_WARN_STRICT_PROTOTYPES = YES;
				CLANG_WARN_SUSPICIOUS_MOVE = YES;
				CLANG_WARN_UNGUARDED_AVAILABILITY = YES_AGGRESSIVE;
				CLANG_WARN_UNREACHABLE_CODE = YES;
				CLANG_WARN__DUPLICATE_METHOD_MATCH = YES;
				CODE_SIGN_IDENTITY = "iPhone Developer";
				COPY_PHASE_STRIP = NO;
				DEBUG_INFORMATION_FORMAT = dwarf;
				ENABLE_STRICT_OBJC_MSGSEND = YES;
				ENABLE_TESTABILITY = YES;
				GCC_C_LANGUAGE_STANDARD = gnu11;
				GCC_DYNAMIC_NO_PIC = NO;
				GCC_NO_COMMON_BLOCKS = YES;
				GCC_OPTIMIZATION_LEVEL = 0;
				GCC_PREPROCESSOR_DEFINITIONS = (
					"DEBUG=1",
					"$(inherited)",
				);
				GCC_WARN_64_TO_32_BIT_CONVERSION = YES;
				GCC_WARN_ABOUT_RETURN_TYPE = YES_ERROR;
				GCC_WARN_UNDECLARED_SELECTOR = YES;
				GCC_WARN_UNINITIALIZED_AUTOS = YES_AGGRESSIVE;
				GCC_WARN_UNUSED_FUNCTION = YES;
				GCC_WARN_UNUSED_VARIABLE = YES;
				IPHONEOS_DEPLOYMENT_TARGET = 12.2;
				MTL_ENABLE_DEBUG_INFO = INCLUDE_SOURCE;
				MTL_FAST_MATH = YES;
				ONLY_ACTIVE_ARCH = YES;
				SDKROOT = iphoneos;
			};
			name = Debug;
		};
		04CDB367230A4D9C00E86E38 /* Release */ = {
			isa = XCBuildConfiguration;
			buildSettings = {
				ALWAYS_SEARCH_USER_PATHS = NO;
				CLANG_ANALYZER_NONNULL = YES;
				CLANG_ANALYZER_NUMBER_OBJECT_CONVERSION = YES_AGGRESSIVE;
				CLANG_CXX_LANGUAGE_STANDARD = "gnu++14";
				CLANG_CXX_LIBRARY = "libc++";
				CLANG_ENABLE_MODULES = YES;
				CLANG_ENABLE_OBJC_ARC = YES;
				CLANG_ENABLE_OBJC_WEAK = YES;
				CLANG_WARN_BLOCK_CAPTURE_AUTORELEASING = YES;
				CLANG_WARN_BOOL_CONVERSION = YES;
				CLANG_WARN_COMMA = YES;
				CLANG_WARN_CONSTANT_CONVERSION = YES;
				CLANG_WARN_DEPRECATED_OBJC_IMPLEMENTATIONS = YES;
				CLANG_WARN_DIRECT_OBJC_ISA_USAGE = YES_ERROR;
				CLANG_WARN_DOCUMENTATION_COMMENTS = YES;
				CLANG_WARN_EMPTY_BODY = YES;
				CLANG_WARN_ENUM_CONVERSION = YES;
				CLANG_WARN_INFINITE_RECURSION = YES;
				CLANG_WARN_INT_CONVERSION = YES;
				CLANG_WARN_NON_LITERAL_NULL_CONVERSION = YES;
				CLANG_WARN_OBJC_IMPLICIT_RETAIN_SELF = YES;
				CLANG_WARN_OBJC_LITERAL_CONVERSION = YES;
				CLANG_WARN_OBJC_ROOT_CLASS = YES_ERROR;
				CLANG_WARN_RANGE_LOOP_ANALYSIS = YES;
				CLANG_WARN_STRICT_PROTOTYPES = YES;
				CLANG_WARN_SUSPICIOUS_MOVE = YES;
				CLANG_WARN_UNGUARDED_AVAILABILITY = YES_AGGRESSIVE;
				CLANG_WARN_UNREACHABLE_CODE = YES;
				CLANG_WARN__DUPLICATE_METHOD_MATCH = YES;
				CODE_SIGN_IDENTITY = "iPhone Developer";
				COPY_PHASE_STRIP = NO;
				DEBUG_INFORMATION_FORMAT = "dwarf-with-dsym";
				ENABLE_NS_ASSERTIONS = NO;
				ENABLE_STRICT_OBJC_MSGSEND = YES;
				GCC_C_LANGUAGE_STANDARD = gnu11;
				GCC_NO_COMMON_BLOCKS = YES;
				GCC_WARN_64_TO_32_BIT_CONVERSION = YES;
				GCC_WARN_ABOUT_RETURN_TYPE = YES_ERROR;
				GCC_WARN_UNDECLARED_SELECTOR = YES;
				GCC_WARN_UNINITIALIZED_AUTOS = YES_AGGRESSIVE;
				GCC_WARN_UNUSED_FUNCTION = YES;
				GCC_WARN_UNUSED_VARIABLE = YES;
				IPHONEOS_DEPLOYMENT_TARGET = 12.2;
				MTL_ENABLE_DEBUG_INFO = NO;
				MTL_FAST_MATH = YES;
				SDKROOT = iphoneos;
				VALIDATE_PRODUCT = YES;
			};
			name = Release;
		};
		04CDB369230A4D9C00E86E38 /* Debug */ = {
			isa = XCBuildConfiguration;
			buildSettings = {
				ASSETCATALOG_COMPILER_APPICON_NAME = AppIcon;
				CODE_SIGN_ENTITLEMENTS = TKPermissionKitDemo/TKPermissionKitDemo.entitlements;
				CODE_SIGN_STYLE = Automatic;
				DEVELOPMENT_TEAM = 39E8LG3NH3;
				INFOPLIST_FILE = TKPermissionKitDemo/Info.plist;
				IPHONEOS_DEPLOYMENT_TARGET = 8.0;
				LD_RUNPATH_SEARCH_PATHS = (
					"$(inherited)",
					"@executable_path/Frameworks",
				);
				PRODUCT_BUNDLE_IDENTIFIER = com.sayaDev.TKPermissionKitDemo;
				PRODUCT_NAME = "$(TARGET_NAME)";
				TARGETED_DEVICE_FAMILY = "1,2";
			};
			name = Debug;
		};
		04CDB36A230A4D9C00E86E38 /* Release */ = {
			isa = XCBuildConfiguration;
			buildSettings = {
				ASSETCATALOG_COMPILER_APPICON_NAME = AppIcon;
				CODE_SIGN_ENTITLEMENTS = TKPermissionKitDemo/TKPermissionKitDemo.entitlements;
				CODE_SIGN_STYLE = Automatic;
				DEVELOPMENT_TEAM = 39E8LG3NH3;
				INFOPLIST_FILE = TKPermissionKitDemo/Info.plist;
				IPHONEOS_DEPLOYMENT_TARGET = 8.0;
				LD_RUNPATH_SEARCH_PATHS = (
					"$(inherited)",
					"@executable_path/Frameworks",
				);
				PRODUCT_BUNDLE_IDENTIFIER = com.sayaDev.TKPermissionKitDemo;
				PRODUCT_NAME = "$(TARGET_NAME)";
				TARGETED_DEVICE_FAMILY = "1,2";
			};
			name = Release;
		};
/* End XCBuildConfiguration section */

/* Begin XCConfigurationList section */
		04CDB34D230A4D9B00E86E38 /* Build configuration list for PBXProject "TKPermissionKitDemo" */ = {
			isa = XCConfigurationList;
			buildConfigurations = (
				04CDB366230A4D9C00E86E38 /* Debug */,
				04CDB367230A4D9C00E86E38 /* Release */,
			);
			defaultConfigurationIsVisible = 0;
			defaultConfigurationName = Release;
		};
		04CDB368230A4D9C00E86E38 /* Build configuration list for PBXNativeTarget "TKPermissionKitDemo" */ = {
			isa = XCConfigurationList;
			buildConfigurations = (
				04CDB369230A4D9C00E86E38 /* Debug */,
				04CDB36A230A4D9C00E86E38 /* Release */,
			);
			defaultConfigurationIsVisible = 0;
			defaultConfigurationName = Release;
		};
/* End XCConfigurationList section */
	};
	rootObject = 04CDB34A230A4D9B00E86E38 /* Project object */;
}
